
Microsoft Visual Studio Solution File, Format Version 12.00
# Visual Studio 14
VisualStudioVersion = 14.0.25420.1
MinimumVisualStudioVersion = 10.0.40219.1
Project("{FAE04EC0-301F-11D3-BF4B-00C04F79EFBC}") = "PowerClub.WPF", "WpfGym\PowerClub.WPF.csproj", "{65111585-05C0-4107-A4D6-1AEE49ABDEE4}"
EndProject
Project("{FAE04EC0-301F-11D3-BF4B-00C04F79EFBC}") = "PowerClub.Bussiness", "PowerClub.Bussiness\PowerClub.Bussiness.csproj", "{D91CDCCB-8EF8-4E0C-9D59-B8E68F41BB8A}"
EndProject
Project("{FAE04EC0-301F-11D3-BF4B-00C04F79EFBC}") = "PowerClub.DataAccess", "PowerClub.DataAccess\PowerClub.DataAccess.csproj", "{462AC2EF-B245-4A7D-BD96-0886A95F083F}"
EndProject
Project("{FAE04EC0-301F-11D3-BF4B-00C04F79EFBC}") = "GreenRetail.Trainer.PowerClub", "GreenRetail.Trainer.PowerClub\GreenRetail.Trainer.PowerClub.csproj", "{C77F4FE4-D9DB-4528-AEE4-20C418887D62}"
EndProject
Project("{6141683F-8A12-4E36-9623-2EB02B2C2303}") = "PowerClub.Setup", "PowerClub.Setup\PowerClub.Setup.isproj", "{96A3BA5B-5657-404F-B3BD-68EBA0649784}"
	ProjectSection(ProjectDependencies) = postProject
		{D91CDCCB-8EF8-4E0C-9D59-B8E68F41BB8A} = {D91CDCCB-8EF8-4E0C-9D59-B8E68F41BB8A}
		{C77F4FE4-D9DB-4528-AEE4-20C418887D62} = {C77F4FE4-D9DB-4528-AEE4-20C418887D62}
		{462AC2EF-B245-4A7D-BD96-0886A95F083F} = {462AC2EF-B245-4A7D-BD96-0886A95F083F}
	EndProjectSection
EndProject
Global
	GlobalSection(SolutionConfigurationPlatforms) = preSolution
		CD_ROM|Any CPU = CD_ROM|Any CPU
		CD_ROM|x86 = CD_ROM|x86
		Debug|Any CPU = Debug|Any CPU
		Debug|x86 = Debug|x86
		DVD-5|Any CPU = DVD-5|Any CPU
		DVD-5|x86 = DVD-5|x86
		Release|Any CPU = Release|Any CPU
		Release|x86 = Release|x86
		SingleImage|Any CPU = SingleImage|Any CPU
		SingleImage|x86 = SingleImage|x86
	EndGlobalSection
	GlobalSection(ProjectConfigurationPlatforms) = postSolution
		{65111585-05C0-4107-A4D6-1AEE49ABDEE4}.CD_ROM|Any CPU.ActiveCfg = Release|Any CPU
		{65111585-05C0-4107-A4D6-1AEE49ABDEE4}.CD_ROM|Any CPU.Build.0 = Release|Any CPU
		{65111585-05C0-4107-A4D6-1AEE49ABDEE4}.CD_ROM|x86.ActiveCfg = Debug|x86
		{65111585-05C0-4107-A4D6-1AEE49ABDEE4}.CD_ROM|x86.Build.0 = Debug|x86
		{65111585-05C0-4107-A4D6-1AEE49ABDEE4}.Debug|Any CPU.ActiveCfg = Debug|Any CPU
		{65111585-05C0-4107-A4D6-1AEE49ABDEE4}.Debug|Any CPU.Build.0 = Debug|Any CPU
		{65111585-05C0-4107-A4D6-1AEE49ABDEE4}.Debug|x86.ActiveCfg = Debug|Any CPU
		{65111585-05C0-4107-A4D6-1AEE49ABDEE4}.Debug|x86.Build.0 = Debug|Any CPU
		{65111585-05C0-4107-A4D6-1AEE49ABDEE4}.DVD-5|Any CPU.ActiveCfg = Debug|Any CPU
		{65111585-05C0-4107-A4D6-1AEE49ABDEE4}.DVD-5|Any CPU.Build.0 = Debug|Any CPU
		{65111585-05C0-4107-A4D6-1AEE49ABDEE4}.DVD-5|x86.ActiveCfg = Debug|x86
		{65111585-05C0-4107-A4D6-1AEE49ABDEE4}.DVD-5|x86.Build.0 = Debug|x86
		{65111585-05C0-4107-A4D6-1AEE49ABDEE4}.Release|Any CPU.ActiveCfg = Release|Any CPU
		{65111585-05C0-4107-A4D6-1AEE49ABDEE4}.Release|Any CPU.Build.0 = Release|Any CPU
		{65111585-05C0-4107-A4D6-1AEE49ABDEE4}.Release|x86.ActiveCfg = Release|x86
		{65111585-05C0-4107-A4D6-1AEE49ABDEE4}.Release|x86.Build.0 = Release|x86
		{65111585-05C0-4107-A4D6-1AEE49ABDEE4}.SingleImage|Any CPU.ActiveCfg = Release|Any CPU
		{65111585-05C0-4107-A4D6-1AEE49ABDEE4}.SingleImage|Any CPU.Build.0 = Release|Any CPU
		{65111585-05C0-4107-A4D6-1AEE49ABDEE4}.SingleImage|x86.ActiveCfg = Debug|x86
		{65111585-05C0-4107-A4D6-1AEE49ABDEE4}.SingleImage|x86.Build.0 = Debug|x86
		{D91CDCCB-8EF8-4E0C-9D59-B8E68F41BB8A}.CD_ROM|Any CPU.ActiveCfg = Release|x86
		{D91CDCCB-8EF8-4E0C-9D59-B8E68F41BB8A}.CD_ROM|Any CPU.Build.0 = Release|x86
		{D91CDCCB-8EF8-4E0C-9D59-B8E68F41BB8A}.CD_ROM|x86.ActiveCfg = Release|x86
		{D91CDCCB-8EF8-4E0C-9D59-B8E68F41BB8A}.CD_ROM|x86.Build.0 = Release|x86
		{D91CDCCB-8EF8-4E0C-9D59-B8E68F41BB8A}.Debug|Any CPU.ActiveCfg = Debug|x86
		{D91CDCCB-8EF8-4E0C-9D59-B8E68F41BB8A}.Debug|x86.ActiveCfg = Debug|x86
		{D91CDCCB-8EF8-4E0C-9D59-B8E68F41BB8A}.Debug|x86.Build.0 = Debug|x86
		{D91CDCCB-8EF8-4E0C-9D59-B8E68F41BB8A}.DVD-5|Any CPU.ActiveCfg = Release|x86
		{D91CDCCB-8EF8-4E0C-9D59-B8E68F41BB8A}.DVD-5|Any CPU.Build.0 = Release|x86
		{D91CDCCB-8EF8-4E0C-9D59-B8E68F41BB8A}.DVD-5|x86.ActiveCfg = Debug|x86
		{D91CDCCB-8EF8-4E0C-9D59-B8E68F41BB8A}.DVD-5|x86.Build.0 = Debug|x86
		{D91CDCCB-8EF8-4E0C-9D59-B8E68F41BB8A}.Release|Any CPU.ActiveCfg = Release|x86
		{D91CDCCB-8EF8-4E0C-9D59-B8E68F41BB8A}.Release|x86.ActiveCfg = Release|x86
		{D91CDCCB-8EF8-4E0C-9D59-B8E68F41BB8A}.Release|x86.Build.0 = Release|x86
		{D91CDCCB-8EF8-4E0C-9D59-B8E68F41BB8A}.SingleImage|Any CPU.ActiveCfg = Release|x86
		{D91CDCCB-8EF8-4E0C-9D59-B8E68F41BB8A}.SingleImage|Any CPU.Build.0 = Release|x86
		{D91CDCCB-8EF8-4E0C-9D59-B8E68F41BB8A}.SingleImage|x86.ActiveCfg = Release|x86
		{D91CDCCB-8EF8-4E0C-9D59-B8E68F41BB8A}.SingleImage|x86.Build.0 = Release|x86
		{462AC2EF-B245-4A7D-BD96-0886A95F083F}.CD_ROM|Any CPU.ActiveCfg = Release|x86
		{462AC2EF-B245-4A7D-BD96-0886A95F083F}.CD_ROM|Any CPU.Build.0 = Release|x86
		{462AC2EF-B245-4A7D-BD96-0886A95F083F}.CD_ROM|x86.ActiveCfg = Release|x86
		{462AC2EF-B245-4A7D-BD96-0886A95F083F}.CD_ROM|x86.Build.0 = Release|x86
		{462AC2EF-B245-4A7D-BD96-0886A95F083F}.Debug|Any CPU.ActiveCfg = Debug|x86
		{462AC2EF-B245-4A7D-BD96-0886A95F083F}.Debug|x86.ActiveCfg = Debug|x86
		{462AC2EF-B245-4A7D-BD96-0886A95F083F}.Debug|x86.Build.0 = Debug|x86
		{462AC2EF-B245-4A7D-BD96-0886A95F083F}.DVD-5|Any CPU.ActiveCfg = Release|x86
		{462AC2EF-B245-4A7D-BD96-0886A95F083F}.DVD-5|Any CPU.Build.0 = Release|x86
		{462AC2EF-B245-4A7D-BD96-0886A95F083F}.DVD-5|x86.ActiveCfg = Debug|x86
		{462AC2EF-B245-4A7D-BD96-0886A95F083F}.DVD-5|x86.Build.0 = Debug|x86
		{462AC2EF-B245-4A7D-BD96-0886A95F083F}.Release|Any CPU.ActiveCfg = Release|x86
		{462AC2EF-B245-4A7D-BD96-0886A95F083F}.Release|x86.ActiveCfg = Release|x86
		{462AC2EF-B245-4A7D-BD96-0886A95F083F}.Release|x86.Build.0 = Release|x86
		{462AC2EF-B245-4A7D-BD96-0886A95F083F}.SingleImage|Any CPU.ActiveCfg = Release|x86
		{462AC2EF-B245-4A7D-BD96-0886A95F083F}.SingleImage|Any CPU.Build.0 = Release|x86
		{462AC2EF-B245-4A7D-BD96-0886A95F083F}.SingleImage|x86.ActiveCfg = Release|x86
		{462AC2EF-B245-4A7D-BD96-0886A95F083F}.SingleImage|x86.Build.0 = Release|x86
		{C77F4FE4-D9DB-4528-AEE4-20C418887D62}.CD_ROM|Any CPU.ActiveCfg = Release|Any CPU
		{C77F4FE4-D9DB-4528-AEE4-20C418887D62}.CD_ROM|Any CPU.Build.0 = Release|Any CPU
		{C77F4FE4-D9DB-4528-AEE4-20C418887D62}.CD_ROM|x86.ActiveCfg = Release|Any CPU
		{C77F4FE4-D9DB-4528-AEE4-20C418887D62}.CD_ROM|x86.Build.0 = Release|Any CPU
		{C77F4FE4-D9DB-4528-AEE4-20C418887D62}.Debug|Any CPU.ActiveCfg = Debug|Any CPU
		{C77F4FE4-D9DB-4528-AEE4-20C418887D62}.Debug|Any CPU.Build.0 = Debug|Any CPU
		{C77F4FE4-D9DB-4528-AEE4-20C418887D62}.Debug|x86.ActiveCfg = Debug|Any CPU
		{C77F4FE4-D9DB-4528-AEE4-20C418887D62}.Debug|x86.Build.0 = Debug|Any CPU
		{C77F4FE4-D9DB-4528-AEE4-20C418887D62}.DVD-5|Any CPU.ActiveCfg = Debug|Any CPU
		{C77F4FE4-D9DB-4528-AEE4-20C418887D62}.DVD-5|Any CPU.Build.0 = Debug|Any CPU
		{C77F4FE4-D9DB-4528-AEE4-20C418887D62}.DVD-5|x86.ActiveCfg = Debug|Any CPU
		{C77F4FE4-D9DB-4528-AEE4-20C418887D62}.DVD-5|x86.Build.0 = Debug|Any CPU
		{C77F4FE4-D9DB-4528-AEE4-20C418887D62}.Release|Any CPU.ActiveCfg = Release|Any CPU
		{C77F4FE4-D9DB-4528-AEE4-20C418887D62}.Release|Any CPU.Build.0 = Release|Any CPU
		{C77F4FE4-D9DB-4528-AEE4-20C418887D62}.Release|x86.ActiveCfg = Release|Any CPU
		{C77F4FE4-D9DB-4528-AEE4-20C418887D62}.Release|x86.Build.0 = Release|Any CPU
		{C77F4FE4-D9DB-4528-AEE4-20C418887D62}.SingleImage|Any CPU.ActiveCfg = Release|Any CPU
		{C77F4FE4-D9DB-4528-AEE4-20C418887D62}.SingleImage|Any CPU.Build.0 = Release|Any CPU
		{C77F4FE4-D9DB-4528-AEE4-20C418887D62}.SingleImage|x86.ActiveCfg = Release|Any CPU
		{C77F4FE4-D9DB-4528-AEE4-20C418887D62}.SingleImage|x86.Build.0 = Release|Any CPU
		{96A3BA5B-5657-404F-B3BD-68EBA0649784}.CD_ROM|Any CPU.ActiveCfg = CD_ROM
		{96A3BA5B-5657-404F-B3BD-68EBA0649784}.CD_ROM|Any CPU.Build.0 = CD_ROM
		{96A3BA5B-5657-404F-B3BD-68EBA0649784}.CD_ROM|x86.ActiveCfg = CD_ROM
		{96A3BA5B-5657-404F-B3BD-68EBA0649784}.CD_ROM|x86.Build.0 = CD_ROM
		{96A3BA5B-5657-404F-B3BD-68EBA0649784}.Debug|Any CPU.ActiveCfg = DVD-5
		{96A3BA5B-5657-404F-B3BD-68EBA0649784}.Debug|Any CPU.Build.0 = DVD-5
		{96A3BA5B-5657-404F-B3BD-68EBA0649784}.Debug|x86.ActiveCfg = DVD-5
		{96A3BA5B-5657-404F-B3BD-68EBA0649784}.Debug|x86.Build.0 = DVD-5
		{96A3BA5B-5657-404F-B3BD-68EBA0649784}.DVD-5|Any CPU.ActiveCfg = DVD-5
		{96A3BA5B-5657-404F-B3BD-68EBA0649784}.DVD-5|Any CPU.Build.0 = DVD-5
		{96A3BA5B-5657-404F-B3BD-68EBA0649784}.DVD-5|x86.ActiveCfg = DVD-5
		{96A3BA5B-5657-404F-B3BD-68EBA0649784}.DVD-5|x86.Build.0 = DVD-5
		{96A3BA5B-5657-404F-B3BD-68EBA0649784}.Release|Any CPU.ActiveCfg = SingleImage
		{96A3BA5B-5657-404F-B3BD-68EBA0649784}.Release|Any CPU.Build.0 = SingleImage
		{96A3BA5B-5657-404F-B3BD-68EBA0649784}.Release|x86.ActiveCfg = SingleImage
		{96A3BA5B-5657-404F-B3BD-68EBA0649784}.Release|x86.Build.0 = SingleImage
		{96A3BA5B-5657-404F-B3BD-68EBA0649784}.SingleImage|Any CPU.ActiveCfg = SingleImage
		{96A3BA5B-5657-404F-B3BD-68EBA0649784}.SingleImage|Any CPU.Build.0 = SingleImage
		{96A3BA5B-5657-404F-B3BD-68EBA0649784}.SingleImage|x86.ActiveCfg = SingleImage
		{96A3BA5B-5657-404F-B3BD-68EBA0649784}.SingleImage|x86.Build.0 = SingleImage
	EndGlobalSection
	GlobalSection(SolutionProperties) = preSolution
		HideSolutionNode = FALSE
	EndGlobalSection
EndGlobal
